// !$*UTF8*$!
{
	archiveVersion = 1;
	classes = {
	};
	objectVersion = 48;
	objects = {

/* Begin PBXBuildFile section */
		A4EA5E6920EEC74300303765 /* AppDelegate.swift in Sources */ = {isa = PBXBuildFile; fileRef = A4EA5E6820EEC74300303765 /* AppDelegate.swift */; };
		A4EA5E6B20EEC74300303765 /* ViewController.swift in Sources */ = {isa = PBXBuildFile; fileRef = A4EA5E6A20EEC74300303765 /* ViewController.swift */; };
		A4EA5E6E20EEC74300303765 /* Main.storyboard in Resources */ = {isa = PBXBuildFile; fileRef = A4EA5E6C20EEC74300303765 /* Main.storyboard */; };
		A4EA5E7020EEC74300303765 /* Assets.xcassets in Resources */ = {isa = PBXBuildFile; fileRef = A4EA5E6F20EEC74300303765 /* Assets.xcassets */; };
		A4EA5E7320EEC74300303765 /* LaunchScreen.storyboard in Resources */ = {isa = PBXBuildFile; fileRef = A4EA5E7120EEC74300303765 /* LaunchScreen.storyboard */; };
		A4EA5E7E20EEC74300303765 /* CalendarFrontEndTests.swift in Sources */ = {isa = PBXBuildFile; fileRef = A4EA5E7D20EEC74300303765 /* CalendarFrontEndTests.swift */; };
		A4EA5E8920EEC74300303765 /* CalendarFrontEndUITests.swift in Sources */ = {isa = PBXBuildFile; fileRef = A4EA5E8820EEC74300303765 /* CalendarFrontEndUITests.swift */; };
		A4EA5E9B20EF286500303765 /* CustomCell.swift in Sources */ = {isa = PBXBuildFile; fileRef = A4EA5E9A20EF286500303765 /* CustomCell.swift */; };
		A4EA5E9D20EF35B100303765 /* EventsController.swift in Sources */ = {isa = PBXBuildFile; fileRef = A4EA5E9C20EF35B100303765 /* EventsController.swift */; };
		A4EA5E9F20EF389D00303765 /* EventCellTableViewCell.swift in Sources */ = {isa = PBXBuildFile; fileRef = A4EA5E9E20EF389D00303765 /* EventCellTableViewCell.swift */; };
		A4EA5EA320EF4EB900303765 /* AddEventController.swift in Sources */ = {isa = PBXBuildFile; fileRef = A4EA5EA220EF4EB900303765 /* AddEventController.swift */; };
		A4EA5EA520EF4F0300303765 /* EventViewController.swift in Sources */ = {isa = PBXBuildFile; fileRef = A4EA5EA420EF4F0300303765 /* EventViewController.swift */; };
/* End PBXBuildFile section */

/* Begin PBXContainerItemProxy section */
		A4EA5E7A20EEC74300303765 /* PBXContainerItemProxy */ = {
			isa = PBXContainerItemProxy;
			containerPortal = A4EA5E5D20EEC74300303765 /* Project object */;
			proxyType = 1;
			remoteGlobalIDString = A4EA5E6420EEC74300303765;
			remoteInfo = CalendarFrontEnd;
		};
		A4EA5E8520EEC74300303765 /* PBXContainerItemProxy */ = {
			isa = PBXContainerItemProxy;
			containerPortal = A4EA5E5D20EEC74300303765 /* Project object */;
			proxyType = 1;
			remoteGlobalIDString = A4EA5E6420EEC74300303765;
			remoteInfo = CalendarFrontEnd;
		};
/* End PBXContainerItemProxy section */

/* Begin PBXFileReference section */
		A4EA5E6520EEC74300303765 /* CalendarFrontEnd.app */ = {isa = PBXFileReference; explicitFileType = wrapper.application; includeInIndex = 0; path = CalendarFrontEnd.app; sourceTree = BUILT_PRODUCTS_DIR; };
		A4EA5E6820EEC74300303765 /* AppDelegate.swift */ = {isa = PBXFileReference; lastKnownFileType = sourcecode.swift; path = AppDelegate.swift; sourceTree = "<group>"; };
		A4EA5E6A20EEC74300303765 /* ViewController.swift */ = {isa = PBXFileReference; lastKnownFileType = sourcecode.swift; path = ViewController.swift; sourceTree = "<group>"; };
		A4EA5E6D20EEC74300303765 /* Base */ = {isa = PBXFileReference; lastKnownFileType = file.storyboard; name = Base; path = Base.lproj/Main.storyboard; sourceTree = "<group>"; };
		A4EA5E6F20EEC74300303765 /* Assets.xcassets */ = {isa = PBXFileReference; lastKnownFileType = folder.assetcatalog; path = Assets.xcassets; sourceTree = "<group>"; };
		A4EA5E7220EEC74300303765 /* Base */ = {isa = PBXFileReference; lastKnownFileType = file.storyboard; name = Base; path = Base.lproj/LaunchScreen.storyboard; sourceTree = "<group>"; };
		A4EA5E7420EEC74300303765 /* Info.plist */ = {isa = PBXFileReference; lastKnownFileType = text.plist.xml; path = Info.plist; sourceTree = "<group>"; };
		A4EA5E7920EEC74300303765 /* CalendarFrontEndTests.xctest */ = {isa = PBXFileReference; explicitFileType = wrapper.cfbundle; includeInIndex = 0; path = CalendarFrontEndTests.xctest; sourceTree = BUILT_PRODUCTS_DIR; };
		A4EA5E7D20EEC74300303765 /* CalendarFrontEndTests.swift */ = {isa = PBXFileReference; lastKnownFileType = sourcecode.swift; path = CalendarFrontEndTests.swift; sourceTree = "<group>"; };
		A4EA5E7F20EEC74300303765 /* Info.plist */ = {isa = PBXFileReference; lastKnownFileType = text.plist.xml; path = Info.plist; sourceTree = "<group>"; };
		A4EA5E8420EEC74300303765 /* CalendarFrontEndUITests.xctest */ = {isa = PBXFileReference; explicitFileType = wrapper.cfbundle; includeInIndex = 0; path = CalendarFrontEndUITests.xctest; sourceTree = BUILT_PRODUCTS_DIR; };
		A4EA5E8820EEC74300303765 /* CalendarFrontEndUITests.swift */ = {isa = PBXFileReference; lastKnownFileType = sourcecode.swift; path = CalendarFrontEndUITests.swift; sourceTree = "<group>"; };
		A4EA5E8A20EEC74300303765 /* Info.plist */ = {isa = PBXFileReference; lastKnownFileType = text.plist.xml; path = Info.plist; sourceTree = "<group>"; };
		A4EA5E9A20EF286500303765 /* CustomCell.swift */ = {isa = PBXFileReference; lastKnownFileType = sourcecode.swift; name = CustomCell.swift; path = ../CustomCell.swift; sourceTree = "<group>"; };
		A4EA5E9C20EF35B100303765 /* EventsController.swift */ = {isa = PBXFileReference; lastKnownFileType = sourcecode.swift; path = EventsController.swift; sourceTree = "<group>"; };
		A4EA5E9E20EF389D00303765 /* EventCellTableViewCell.swift */ = {isa = PBXFileReference; lastKnownFileType = sourcecode.swift; path = EventCellTableViewCell.swift; sourceTree = "<group>"; };
		A4EA5EA220EF4EB900303765 /* AddEventController.swift */ = {isa = PBXFileReference; lastKnownFileType = sourcecode.swift; path = AddEventController.swift; sourceTree = "<group>"; };
		A4EA5EA420EF4F0300303765 /* EventViewController.swift */ = {isa = PBXFileReference; lastKnownFileType = sourcecode.swift; path = EventViewController.swift; sourceTree = "<group>"; };
/* End PBXFileReference section */

/* Begin PBXFrameworksBuildPhase section */
		A4EA5E6220EEC74300303765 /* Frameworks */ = {
			isa = PBXFrameworksBuildPhase;
			buildActionMask = 2147483647;
			files = (
			);
			runOnlyForDeploymentPostprocessing = 0;
		};
		A4EA5E7620EEC74300303765 /* Frameworks */ = {
			isa = PBXFrameworksBuildPhase;
			buildActionMask = 2147483647;
			files = (
			);
			runOnlyForDeploymentPostprocessing = 0;
		};
		A4EA5E8120EEC74300303765 /* Frameworks */ = {
			isa = PBXFrameworksBuildPhase;
			buildActionMask = 2147483647;
			files = (
			);
			runOnlyForDeploymentPostprocessing = 0;
		};
/* End PBXFrameworksBuildPhase section */

/* Begin PBXGroup section */
		A4EA5E5C20EEC74300303765 = {
			isa = PBXGroup;
			children = (
				A4EA5E6720EEC74300303765 /* CalendarFrontEnd */,
				A4EA5E7C20EEC74300303765 /* CalendarFrontEndTests */,
				A4EA5E8720EEC74300303765 /* CalendarFrontEndUITests */,
				A4EA5E6620EEC74300303765 /* Products */,
			);
			sourceTree = "<group>";
		};
		A4EA5E6620EEC74300303765 /* Products */ = {
			isa = PBXGroup;
			children = (
				A4EA5E6520EEC74300303765 /* CalendarFrontEnd.app */,
				A4EA5E7920EEC74300303765 /* CalendarFrontEndTests.xctest */,
				A4EA5E8420EEC74300303765 /* CalendarFrontEndUITests.xctest */,
			);
			name = Products;
			sourceTree = "<group>";
		};
		A4EA5E6720EEC74300303765 /* CalendarFrontEnd */ = {
			isa = PBXGroup;
			children = (
				A4EA5E9A20EF286500303765 /* CustomCell.swift */,
				A4EA5E6820EEC74300303765 /* AppDelegate.swift */,
				A4EA5E6A20EEC74300303765 /* ViewController.swift */,
				A4EA5EA220EF4EB900303765 /* AddEventController.swift */,
				A4EA5EA420EF4F0300303765 /* EventViewController.swift */,
				A4EA5E9E20EF389D00303765 /* EventCellTableViewCell.swift */,
				A4EA5E9C20EF35B100303765 /* EventsController.swift */,
				A4EA5E6C20EEC74300303765 /* Main.storyboard */,
				A4EA5E6F20EEC74300303765 /* Assets.xcassets */,
				A4EA5E7120EEC74300303765 /* LaunchScreen.storyboard */,
				A4EA5E7420EEC74300303765 /* Info.plist */,
			);
			path = CalendarFrontEnd;
			sourceTree = "<group>";
		};
		A4EA5E7C20EEC74300303765 /* CalendarFrontEndTests */ = {
			isa = PBXGroup;
			children = (
				A4EA5E7D20EEC74300303765 /* CalendarFrontEndTests.swift */,
				A4EA5E7F20EEC74300303765 /* Info.plist */,
			);
			path = CalendarFrontEndTests;
			sourceTree = "<group>";
		};
		A4EA5E8720EEC74300303765 /* CalendarFrontEndUITests */ = {
			isa = PBXGroup;
			children = (
				A4EA5E8820EEC74300303765 /* CalendarFrontEndUITests.swift */,
				A4EA5E8A20EEC74300303765 /* Info.plist */,
			);
			path = CalendarFrontEndUITests;
			sourceTree = "<group>";
		};
/* End PBXGroup section */

/* Begin PBXNativeTarget section */
		A4EA5E6420EEC74300303765 /* CalendarFrontEnd */ = {
			isa = PBXNativeTarget;
			buildConfigurationList = A4EA5E8D20EEC74300303765 /* Build configuration list for PBXNativeTarget "CalendarFrontEnd" */;
			buildPhases = (
				A4EA5E6120EEC74300303765 /* Sources */,
				A4EA5E6220EEC74300303765 /* Frameworks */,
				A4EA5E6320EEC74300303765 /* Resources */,
			);
			buildRules = (
			);
			dependencies = (
			);
			name = CalendarFrontEnd;
			productName = CalendarFrontEnd;
			productReference = A4EA5E6520EEC74300303765 /* CalendarFrontEnd.app */;
			productType = "com.apple.product-type.application";
		};
		A4EA5E7820EEC74300303765 /* CalendarFrontEndTests */ = {
			isa = PBXNativeTarget;
			buildConfigurationList = A4EA5E9020EEC74300303765 /* Build configuration list for PBXNativeTarget "CalendarFrontEndTests" */;
			buildPhases = (
				A4EA5E7520EEC74300303765 /* Sources */,
				A4EA5E7620EEC74300303765 /* Frameworks */,
				A4EA5E7720EEC74300303765 /* Resources */,
			);
			buildRules = (
			);
			dependencies = (
				A4EA5E7B20EEC74300303765 /* PBXTargetDependency */,
			);
			name = CalendarFrontEndTests;
			productName = CalendarFrontEndTests;
			productReference = A4EA5E7920EEC74300303765 /* CalendarFrontEndTests.xctest */;
			productType = "com.apple.product-type.bundle.unit-test";
		};
		A4EA5E8320EEC74300303765 /* CalendarFrontEndUITests */ = {
			isa = PBXNativeTarget;
			buildConfigurationList = A4EA5E9320EEC74300303765 /* Build configuration list for PBXNativeTarget "CalendarFrontEndUITests" */;
			buildPhases = (
				A4EA5E8020EEC74300303765 /* Sources */,
				A4EA5E8120EEC74300303765 /* Frameworks */,
				A4EA5E8220EEC74300303765 /* Resources */,
			);
			buildRules = (
			);
			dependencies = (
				A4EA5E8620EEC74300303765 /* PBXTargetDependency */,
			);
			name = CalendarFrontEndUITests;
			productName = CalendarFrontEndUITests;
			productReference = A4EA5E8420EEC74300303765 /* CalendarFrontEndUITests.xctest */;
			productType = "com.apple.product-type.bundle.ui-testing";
		};
/* End PBXNativeTarget section */

/* Begin PBXProject section */
		A4EA5E5D20EEC74300303765 /* Project object */ = {
			isa = PBXProject;
			attributes = {
				LastSwiftUpdateCheck = 0920;
				LastUpgradeCheck = 0920;
				ORGANIZATIONNAME = "alvin wen";
				TargetAttributes = {
					A4EA5E6420EEC74300303765 = {
						CreatedOnToolsVersion = 9.2;
						ProvisioningStyle = Automatic;
					};
					A4EA5E7820EEC74300303765 = {
						CreatedOnToolsVersion = 9.2;
						ProvisioningStyle = Automatic;
						TestTargetID = A4EA5E6420EEC74300303765;
					};
					A4EA5E8320EEC74300303765 = {
						CreatedOnToolsVersion = 9.2;
						ProvisioningStyle = Automatic;
						TestTargetID = A4EA5E6420EEC74300303765;
					};
				};
			};
			buildConfigurationList = A4EA5E6020EEC74300303765 /* Build configuration list for PBXProject "CalendarFrontEnd" */;
			compatibilityVersion = "Xcode 8.0";
			developmentRegion = en;
			hasScannedForEncodings = 0;
			knownRegions = (
				en,
				Base,
			);
			mainGroup = A4EA5E5C20EEC74300303765;
			productRefGroup = A4EA5E6620EEC74300303765 /* Products */;
			projectDirPath = "";
			projectRoot = "";
			targets = (
				A4EA5E6420EEC74300303765 /* CalendarFrontEnd */,
				A4EA5E7820EEC74300303765 /* CalendarFrontEndTests */,
				A4EA5E8320EEC74300303765 /* CalendarFrontEndUITests */,
			);
		};
/* End PBXProject section */

/* Begin PBXResourcesBuildPhase section */
		A4EA5E6320EEC74300303765 /* Resources */ = {
			isa = PBXResourcesBuildPhase;
			buildActionMask = 2147483647;
			files = (
				A4EA5E7320EEC74300303765 /* LaunchScreen.storyboard in Resources */,
				A4EA5E7020EEC74300303765 /* Assets.xcassets in Resources */,
				A4EA5E6E20EEC74300303765 /* Main.storyboard in Resources */,
			);
			runOnlyForDeploymentPostprocessing = 0;
		};
		A4EA5E7720EEC74300303765 /* Resources */ = {
			isa = PBXResourcesBuildPhase;
			buildActionMask = 2147483647;
			files = (
			);
			runOnlyForDeploymentPostprocessing = 0;
		};
		A4EA5E8220EEC74300303765 /* Resources */ = {
			isa = PBXResourcesBuildPhase;
			buildActionMask = 2147483647;
			files = (
			);
			runOnlyForDeploymentPostprocessing = 0;
		};
/* End PBXResourcesBuildPhase section */

/* Begin PBXSourcesBuildPhase section */
		A4EA5E6120EEC74300303765 /* Sources */ = {
			isa = PBXSourcesBuildPhase;
			buildActionMask = 2147483647;
			files = (
				A4EA5E6B20EEC74300303765 /* ViewController.swift in Sources */,
				A4EA5E9B20EF286500303765 /* CustomCell.swift in Sources */,
				A4EA5EA520EF4F0300303765 /* EventViewController.swift in Sources */,
				A4EA5E6920EEC74300303765 /* AppDelegate.swift in Sources */,
				A4EA5EA320EF4EB900303765 /* AddEventController.swift in Sources */,
				A4EA5E9D20EF35B100303765 /* EventsController.swift in Sources */,
				A4EA5E9F20EF389D00303765 /* EventCellTableViewCell.swift in Sources */,
			);
			runOnlyForDeploymentPostprocessing = 0;
		};
		A4EA5E7520EEC74300303765 /* Sources */ = {
			isa = PBXSourcesBuildPhase;
			buildActionMask = 2147483647;
			files = (
				A4EA5E7E20EEC74300303765 /* CalendarFrontEndTests.swift in Sources */,
			);
			runOnlyForDeploymentPostprocessing = 0;
		};
		A4EA5E8020EEC74300303765 /* Sources */ = {
			isa = PBXSourcesBuildPhase;
			buildActionMask = 2147483647;
			files = (
				A4EA5E8920EEC74300303765 /* CalendarFrontEndUITests.swift in Sources */,
			);
			runOnlyForDeploymentPostprocessing = 0;
		};
/* End PBXSourcesBuildPhase section */

/* Begin PBXTargetDependency section */
		A4EA5E7B20EEC74300303765 /* PBXTargetDependency */ = {
			isa = PBXTargetDependency;
			target = A4EA5E6420EEC74300303765 /* CalendarFrontEnd */;
			targetProxy = A4EA5E7A20EEC74300303765 /* PBXContainerItemProxy */;
		};
		A4EA5E8620EEC74300303765 /* PBXTargetDependency */ = {
			isa = PBXTargetDependency;
			target = A4EA5E6420EEC74300303765 /* CalendarFrontEnd */;
			targetProxy = A4EA5E8520EEC74300303765 /* PBXContainerItemProxy */;
		};
/* End PBXTargetDependency section */

/* Begin PBXVariantGroup section */
		A4EA5E6C20EEC74300303765 /* Main.storyboard */ = {
			isa = PBXVariantGroup;
			children = (
				A4EA5E6D20EEC74300303765 /* Base */,
			);
			name = Main.storyboard;
			sourceTree = "<group>";
		};
		A4EA5E7120EEC74300303765 /* LaunchScreen.storyboard */ = {
			isa = PBXVariantGroup;
			children = (
				A4EA5E7220EEC74300303765 /* Base */,
			);
			name = LaunchScreen.storyboard;
			sourceTree = "<group>";
		};
/* End PBXVariantGroup section */

/* Begin XCBuildConfiguration section */
		A4EA5E8B20EEC74300303765 /* Debug */ = {
			isa = XCBuildConfiguration;
			buildSettings = {
				ALWAYS_SEARCH_USER_PATHS = NO;
				CLANG_ANALYZER_NONNULL = YES;
				CLANG_ANALYZER_NUMBER_OBJECT_CONVERSION = YES_AGGRESSIVE;
				CLANG_CXX_LANGUAGE_STANDARD = "gnu++14";
				CLANG_CXX_LIBRARY = "libc++";
				CLANG_ENABLE_MODULES = YES;
				CLANG_ENABLE_OBJC_ARC = YES;
				CLANG_WARN_BLOCK_CAPTURE_AUTORELEASING = YES;
				CLANG_WARN_BOOL_CONVERSION = YES;
				CLANG_WARN_COMMA = YES;
				CLANG_WARN_CONSTANT_CONVERSION = YES;
				CLANG_WARN_DIRECT_OBJC_ISA_USAGE = YES_ERROR;
				CLANG_WARN_DOCUMENTATION_COMMENTS = YES;
				CLANG_WARN_EMPTY_BODY = YES;
				CLANG_WARN_ENUM_CONVERSION = YES;
				CLANG_WARN_INFINITE_RECURSION = YES;
				CLANG_WARN_INT_CONVERSION = YES;
				CLANG_WARN_NON_LITERAL_NULL_CONVERSION = YES;
				CLANG_WARN_OBJC_LITERAL_CONVERSION = YES;
				CLANG_WARN_OBJC_ROOT_CLASS = YES_ERROR;
				CLANG_WARN_RANGE_LOOP_ANALYSIS = YES;
				CLANG_WARN_STRICT_PROTOTYPES = YES;
				CLANG_WARN_SUSPICIOUS_MOVE = YES;
				CLANG_WARN_UNGUARDED_AVAILABILITY = YES_AGGRESSIVE;
				CLANG_WARN_UNREACHABLE_CODE = YES;
				CLANG_WARN__DUPLICATE_METHOD_MATCH = YES;
				CODE_SIGN_IDENTITY = "iPhone Developer";
				COPY_PHASE_STRIP = NO;
				DEBUG_INFORMATION_FORMAT = dwarf;
				ENABLE_STRICT_OBJC_MSGSEND = YES;
				ENABLE_TESTABILITY = YES;
				GCC_C_LANGUAGE_STANDARD = gnu11;
				GCC_DYNAMIC_NO_PIC = NO;
				GCC_NO_COMMON_BLOCKS = YES;
				GCC_OPTIMIZATION_LEVEL = 0;
				GCC_PREPROCESSOR_DEFINITIONS = (
					"DEBUG=1",
					"$(inherited)",
				);
				GCC_WARN_64_TO_32_BIT_CONVERSION = YES;
				GCC_WARN_ABOUT_RETURN_TYPE = YES_ERROR;
				GCC_WARN_UNDECLARED_SELECTOR = YES;
				GCC_WARN_UNINITIALIZED_AUTOS = YES_AGGRESSIVE;
				GCC_WARN_UNUSED_FUNCTION = YES;
				GCC_WARN_UNUSED_VARIABLE = YES;
				IPHONEOS_DEPLOYMENT_TARGET = 11.2;
				MTL_ENABLE_DEBUG_INFO = YES;
				ONLY_ACTIVE_ARCH = YES;
				SDKROOT = iphoneos;
				SWIFT_ACTIVE_COMPILATION_CONDITIONS = DEBUG;
				SWIFT_OPTIMIZATION_LEVEL = "-Onone";
			};
			name = Debug;
		};
		A4EA5E8C20EEC74300303765 /* Release */ = {
			isa = XCBuildConfiguration;
			buildSettings = {
				ALWAYS_SEARCH_USER_PATHS = NO;
				CLANG_ANALYZER_NONNULL = YES;
				CLANG_ANALYZER_NUMBER_OBJECT_CONVERSION = YES_AGGRESSIVE;
				CLANG_CXX_LANGUAGE_STANDARD = "gnu++14";
				CLANG_CXX_LIBRARY = "libc++";
				CLANG_ENABLE_MODULES = YES;
				CLANG_ENABLE_OBJC_ARC = YES;
				CLANG_WARN_BLOCK_CAPTURE_AUTORELEASING = YES;
				CLANG_WARN_BOOL_CONVERSION = YES;
				CLANG_WARN_COMMA = YES;
				CLANG_WARN_CONSTANT_CONVERSION = YES;
				CLANG_WARN_DIRECT_OBJC_ISA_USAGE = YES_ERROR;
				CLANG_WARN_DOCUMENTATION_COMMENTS = YES;
				CLANG_WARN_EMPTY_BODY = YES;
				CLANG_WARN_ENUM_CONVERSION = YES;
				CLANG_WARN_INFINITE_RECURSION = YES;
				CLANG_WARN_INT_CONVERSION = YES;
				CLANG_WARN_NON_LITERAL_NULL_CONVERSION = YES;
				CLANG_WARN_OBJC_LITERAL_CONVERSION = YES;
				CLANG_WARN_OBJC_ROOT_CLASS = YES_ERROR;
				CLANG_WARN_RANGE_LOOP_ANALYSIS = YES;
				CLANG_WARN_STRICT_PROTOTYPES = YES;
				CLANG_WARN_SUSPICIOUS_MOVE = YES;
				CLANG_WARN_UNGUARDED_AVAILABILITY = YES_AGGRESSIVE;
				CLANG_WARN_UNREACHABLE_CODE = YES;
				CLANG_WARN__DUPLICATE_METHOD_MATCH = YES;
				CODE_SIGN_IDENTITY = "iPhone Developer";
				COPY_PHASE_STRIP = NO;
				DEBUG_INFORMATION_FORMAT = "dwarf-with-dsym";
				ENABLE_NS_ASSERTIONS = NO;
				ENABLE_STRICT_OBJC_MSGSEND = YES;
				GCC_C_LANGUAGE_STANDARD = gnu11;
				GCC_NO_COMMON_BLOCKS = YES;
				GCC_WARN_64_TO_32_BIT_CONVERSION = YES;
				GCC_WARN_ABOUT_RETURN_TYPE = YES_ERROR;
				GCC_WARN_UNDECLARED_SELECTOR = YES;
				GCC_WARN_UNINITIALIZED_AUTOS = YES_AGGRESSIVE;
				GCC_WARN_UNUSED_FUNCTION = YES;
				GCC_WARN_UNUSED_VARIABLE = YES;
				IPHONEOS_DEPLOYMENT_TARGET = 11.2;
				MTL_ENABLE_DEBUG_INFO = NO;
				SDKROOT = iphoneos;
				SWIFT_OPTIMIZATION_LEVEL = "-Owholemodule";
				VALIDATE_PRODUCT = YES;
			};
			name = Release;
		};
		A4EA5E8E20EEC74300303765 /* Debug */ = {
			isa = XCBuildConfiguration;
			buildSettings = {
				ASSETCATALOG_COMPILER_APPICON_NAME = AppIcon;
				CODE_SIGN_STYLE = Automatic;
				INFOPLIST_FILE = CalendarFrontEnd/Info.plist;
				LD_RUNPATH_SEARCH_PATHS = "$(inherited) @executable_path/Frameworks";
				PRODUCT_BUNDLE_IDENTIFIER = alvin1.CalendarFrontEnd;
				PRODUCT_NAME = "$(TARGET_NAME)";
				SWIFT_VERSION = 4.0;
				TARGETED_DEVICE_FAMILY = "1,2";
			};
			name = Debug;
		};
		A4EA5E8F20EEC74300303765 /* Release */ = {
			isa = XCBuildConfiguration;
			buildSettings = {
				ASSETCATALOG_COMPILER_APPICON_NAME = AppIcon;
				CODE_SIGN_STYLE = Automatic;
				INFOPLIST_FILE = CalendarFrontEnd/Info.plist;
				LD_RUNPATH_SEARCH_PATHS = "$(inherited) @executable_path/Frameworks";
				PRODUCT_BUNDLE_IDENTIFIER = alvin1.CalendarFrontEnd;
				PRODUCT_NAME = "$(TARGET_NAME)";
				SWIFT_VERSION = 4.0;
				TARGETED_DEVICE_FAMILY = "1,2";
			};
			name = Release;
		};
		A4EA5E9120EEC74300303765 /* Debug */ = {
			isa = XCBuildConfiguration;
			buildSettings = {
				ALWAYS_EMBED_SWIFT_STANDARD_LIBRARIES = YES;
				BUNDLE_LOADER = "$(TEST_HOST)";
				CODE_SIGN_STYLE = Automatic;
				INFOPLIST_FILE = CalendarFrontEndTests/Info.plist;
				LD_RUNPATH_SEARCH_PATHS = "$(inherited) @executable_path/Frameworks @loader_path/Frameworks";
				PRODUCT_BUNDLE_IDENTIFIER = alvin1.CalendarFrontEndTests;
				PRODUCT_NAME = "$(TARGET_NAME)";
				SWIFT_VERSION = 4.0;
				TARGETED_DEVICE_FAMILY = "1,2";
				TEST_HOST = "$(BUILT_PRODUCTS_DIR)/CalendarFrontEnd.app/CalendarFrontEnd";
			};
			name = Debug;
		};
		A4EA5E9220EEC74300303765 /* Release */ = {
			isa = XCBuildConfiguration;
			buildSettings = {
				ALWAYS_EMBED_SWIFT_STANDARD_LIBRARIES = YES;
				BUNDLE_LOADER = "$(TEST_HOST)";
				CODE_SIGN_STYLE = Automatic;
				INFOPLIST_FILE = CalendarFrontEndTests/Info.plist;
				LD_RUNPATH_SEARCH_PATHS = "$(inherited) @executable_path/Frameworks @loader_path/Frameworks";
				PRODUCT_BUNDLE_IDENTIFIER = alvin1.CalendarFrontEndTests;
				PRODUCT_NAME = "$(TARGET_NAME)";
				SWIFT_VERSION = 4.0;
				TARGETED_DEVICE_FAMILY = "1,2";
				TEST_HOST = "$(BUILT_PRODUCTS_DIR)/CalendarFrontEnd.app/CalendarFrontEnd";
			};
			name = Release;
		};
		A4EA5E9420EEC74300303765 /* Debug */ = {
			isa = XCBuildConfiguration;
			buildSettings = {
				ALWAYS_EMBED_SWIFT_STANDARD_LIBRARIES = YES;
				CODE_SIGN_STYLE = Automatic;
				INFOPLIST_FILE = CalendarFrontEndUITests/Info.plist;
				LD_RUNPATH_SEARCH_PATHS = "$(inherited) @executable_path/Frameworks @loader_path/Frameworks";
				PRODUCT_BUNDLE_IDENTIFIER = alvin1.CalendarFrontEndUITests;
				PRODUCT_NAME = "$(TARGET_NAME)";
				SWIFT_VERSION = 4.0;
				TARGETED_DEVICE_FAMILY = "1,2";
				TEST_TARGET_NAME = CalendarFrontEnd;
			};
			name = Debug;
		};
		A4EA5E9520EEC74300303765 /* Release */ = {
			isa = XCBuildConfiguration;
			buildSettings = {
				ALWAYS_EMBED_SWIFT_STANDARD_LIBRARIES = YES;
				CODE_SIGN_STYLE = Automatic;
				INFOPLIST_FILE = CalendarFrontEndUITests/Info.plist;
				LD_RUNPATH_SEARCH_PATHS = "$(inherited) @executable_path/Frameworks @loader_path/Frameworks";
				PRODUCT_BUNDLE_IDENTIFIER = alvin1.CalendarFrontEndUITests;
				PRODUCT_NAME = "$(TARGET_NAME)";
				SWIFT_VERSION = 4.0;
				TARGETED_DEVICE_FAMILY = "1,2";
				TEST_TARGET_NAME = CalendarFrontEnd;
			};
			name = Release;
		};
/* End XCBuildConfiguration section */

/* Begin XCConfigurationList section */
		A4EA5E6020EEC74300303765 /* Build configuration list for PBXProject "CalendarFrontEnd" */ = {
			isa = XCConfigurationList;
			buildConfigurations = (
				A4EA5E8B20EEC74300303765 /* Debug */,
				A4EA5E8C20EEC74300303765 /* Release */,
			);
			defaultConfigurationIsVisible = 0;
			defaultConfigurationName = Release;
		};
		A4EA5E8D20EEC74300303765 /* Build configuration list for PBXNativeTarget "CalendarFrontEnd" */ = {
			isa = XCConfigurationList;
			buildConfigurations = (
				A4EA5E8E20EEC74300303765 /* Debug */,
				A4EA5E8F20EEC74300303765 /* Release */,
			);
			defaultConfigurationIsVisible = 0;
			defaultConfigurationName = Release;
		};
		A4EA5E9020EEC74300303765 /* Build configuration list for PBXNativeTarget "CalendarFrontEndTests" */ = {
			isa = XCConfigurationList;
			buildConfigurations = (
				A4EA5E9120EEC74300303765 /* Debug */,
				A4EA5E9220EEC74300303765 /* Release */,
			);
			defaultConfigurationIsVisible = 0;
			defaultConfigurationName = Release;
		};
		A4EA5E9320EEC74300303765 /* Build configuration list for PBXNativeTarget "CalendarFrontEndUITests" */ = {
			isa = XCConfigurationList;
			buildConfigurations = (
				A4EA5E9420EEC74300303765 /* Debug */,
				A4EA5E9520EEC74300303765 /* Release */,
			);
			defaultConfigurationIsVisible = 0;
			defaultConfigurationName = Release;
		};
/* End XCConfigurationList section */
	};
	rootObject = A4EA5E5D20EEC74300303765 /* Project object */;
}
